// !$*UTF8*$!
{
	archiveVersion = 1;
	classes = {
	};
	objectVersion = 51;
	objects = {

/* Begin PBXBuildFile section */
		290A224222DF919100E47F13 /* Extensions.swift in Sources */ = {isa = PBXBuildFile; fileRef = 290A224122DF919100E47F13 /* Extensions.swift */; };
		290A224522DF97B200E47F13 /* Children.swift in Sources */ = {isa = PBXBuildFile; fileRef = 290A224422DF97B200E47F13 /* Children.swift */; };
		290A224722DF97F900E47F13 /* ChildrenData.swift in Sources */ = {isa = PBXBuildFile; fileRef = 290A224622DF97F900E47F13 /* ChildrenData.swift */; };
		290A224922DF9BE800E47F13 /* ListData.swift in Sources */ = {isa = PBXBuildFile; fileRef = 290A224822DF9BE800E47F13 /* ListData.swift */; };
		290A224B22DF9D4200E47F13 /* Gildings.swift in Sources */ = {isa = PBXBuildFile; fileRef = 290A224A22DF9D4200E47F13 /* Gildings.swift */; };
		290A224D22DF9D6000E47F13 /* ImagesModel.swift in Sources */ = {isa = PBXBuildFile; fileRef = 290A224C22DF9D6000E47F13 /* ImagesModel.swift */; };
		290A224F22DF9D9400E47F13 /* Preview.swift in Sources */ = {isa = PBXBuildFile; fileRef = 290A224E22DF9D9400E47F13 /* Preview.swift */; };
		290A225122DF9DCE00E47F13 /* MediaEmbed.swift in Sources */ = {isa = PBXBuildFile; fileRef = 290A225022DF9DCE00E47F13 /* MediaEmbed.swift */; };
		290A225322DF9DE500E47F13 /* Resolutions.swift in Sources */ = {isa = PBXBuildFile; fileRef = 290A225222DF9DE500E47F13 /* Resolutions.swift */; };
		290A225522DF9DFD00E47F13 /* SecureMediaEmbed.swift in Sources */ = {isa = PBXBuildFile; fileRef = 290A225422DF9DFD00E47F13 /* SecureMediaEmbed.swift */; };
		290A225722DF9E1600E47F13 /* SourceModel.swift in Sources */ = {isa = PBXBuildFile; fileRef = 290A225622DF9E1600E47F13 /* SourceModel.swift */; };
		290A225922DF9E3200E47F13 /* Variants.swift in Sources */ = {isa = PBXBuildFile; fileRef = 290A225822DF9E3200E47F13 /* Variants.swift */; };
		290A225B22DFA3B200E47F13 /* SwiftSpinner.swift in Sources */ = {isa = PBXBuildFile; fileRef = 290A225A22DFA3B200E47F13 /* SwiftSpinner.swift */; };
		290A225F22DFAE8A00E47F13 /* MainTableViewCell.swift in Sources */ = {isa = PBXBuildFile; fileRef = 290A225E22DFAE8A00E47F13 /* MainTableViewCell.swift */; };
		290A226122DFBDCC00E47F13 /* Reachability.swift in Sources */ = {isa = PBXBuildFile; fileRef = 290A226022DFBDCC00E47F13 /* Reachability.swift */; };
		290A226322DFC38B00E47F13 /* NetworkPopUpVC.swift in Sources */ = {isa = PBXBuildFile; fileRef = 290A226222DFC38B00E47F13 /* NetworkPopUpVC.swift */; };
		290A226522DFC39400E47F13 /* NetworkPopUpView.swift in Sources */ = {isa = PBXBuildFile; fileRef = 290A226422DFC39400E47F13 /* NetworkPopUpView.swift */; };
		290F64DA22DE6B240005A0E4 /* AppDelegate.swift in Sources */ = {isa = PBXBuildFile; fileRef = 290F64D922DE6B240005A0E4 /* AppDelegate.swift */; };
		290F64DC22DE6B240005A0E4 /* MainViewController.swift in Sources */ = {isa = PBXBuildFile; fileRef = 290F64DB22DE6B240005A0E4 /* MainViewController.swift */; };
		290F64E122DE6B250005A0E4 /* Assets.xcassets in Resources */ = {isa = PBXBuildFile; fileRef = 290F64E022DE6B250005A0E4 /* Assets.xcassets */; };
		290F64E422DE6B250005A0E4 /* LaunchScreen.storyboard in Resources */ = {isa = PBXBuildFile; fileRef = 290F64E222DE6B250005A0E4 /* LaunchScreen.storyboard */; };
		296874D722DE721A00C177F0 /* LaunchScreenViewController.swift in Sources */ = {isa = PBXBuildFile; fileRef = 296874D622DE721A00C177F0 /* LaunchScreenViewController.swift */; };
		296874D922DE722400C177F0 /* LaunchScreenViewModel.swift in Sources */ = {isa = PBXBuildFile; fileRef = 296874D822DE722400C177F0 /* LaunchScreenViewModel.swift */; };
		296874DB22DE732E00C177F0 /* MainViewModel.swift in Sources */ = {isa = PBXBuildFile; fileRef = 296874DA22DE732E00C177F0 /* MainViewModel.swift */; };
		296874DD22DE745400C177F0 /* NetworkLayer.swift in Sources */ = {isa = PBXBuildFile; fileRef = 296874DC22DE745400C177F0 /* NetworkLayer.swift */; };
		296874DF22DE762F00C177F0 /* Service.swift in Sources */ = {isa = PBXBuildFile; fileRef = 296874DE22DE762F00C177F0 /* Service.swift */; };
		296874E122DE774B00C177F0 /* BaseModel.swift in Sources */ = {isa = PBXBuildFile; fileRef = 296874E022DE774B00C177F0 /* BaseModel.swift */; };
		B5C16D7F0CA6C5706F91C8EC /* Pods_RedditTest.framework in Frameworks */ = {isa = PBXBuildFile; fileRef = C72B4965FCEC525681638812 /* Pods_RedditTest.framework */; };
/* End PBXBuildFile section */

/* Begin PBXFileReference section */
		290A224122DF919100E47F13 /* Extensions.swift */ = {isa = PBXFileReference; lastKnownFileType = sourcecode.swift; path = Extensions.swift; sourceTree = "<group>"; };
		290A224422DF97B200E47F13 /* Children.swift */ = {isa = PBXFileReference; lastKnownFileType = sourcecode.swift; path = Children.swift; sourceTree = "<group>"; };
		290A224622DF97F900E47F13 /* ChildrenData.swift */ = {isa = PBXFileReference; lastKnownFileType = sourcecode.swift; path = ChildrenData.swift; sourceTree = "<group>"; };
		290A224822DF9BE800E47F13 /* ListData.swift */ = {isa = PBXFileReference; lastKnownFileType = sourcecode.swift; path = ListData.swift; sourceTree = "<group>"; };
		290A224A22DF9D4200E47F13 /* Gildings.swift */ = {isa = PBXFileReference; lastKnownFileType = sourcecode.swift; path = Gildings.swift; sourceTree = "<group>"; };
		290A224C22DF9D6000E47F13 /* ImagesModel.swift */ = {isa = PBXFileReference; lastKnownFileType = sourcecode.swift; path = ImagesModel.swift; sourceTree = "<group>"; };
		290A224E22DF9D9400E47F13 /* Preview.swift */ = {isa = PBXFileReference; lastKnownFileType = sourcecode.swift; path = Preview.swift; sourceTree = "<group>"; };
		290A225022DF9DCE00E47F13 /* MediaEmbed.swift */ = {isa = PBXFileReference; lastKnownFileType = sourcecode.swift; path = MediaEmbed.swift; sourceTree = "<group>"; };
		290A225222DF9DE500E47F13 /* Resolutions.swift */ = {isa = PBXFileReference; lastKnownFileType = sourcecode.swift; path = Resolutions.swift; sourceTree = "<group>"; };
		290A225422DF9DFD00E47F13 /* SecureMediaEmbed.swift */ = {isa = PBXFileReference; lastKnownFileType = sourcecode.swift; path = SecureMediaEmbed.swift; sourceTree = "<group>"; };
		290A225622DF9E1600E47F13 /* SourceModel.swift */ = {isa = PBXFileReference; lastKnownFileType = sourcecode.swift; path = SourceModel.swift; sourceTree = "<group>"; };
		290A225822DF9E3200E47F13 /* Variants.swift */ = {isa = PBXFileReference; lastKnownFileType = sourcecode.swift; path = Variants.swift; sourceTree = "<group>"; };
		290A225A22DFA3B200E47F13 /* SwiftSpinner.swift */ = {isa = PBXFileReference; lastKnownFileType = sourcecode.swift; path = SwiftSpinner.swift; sourceTree = "<group>"; };
		290A225E22DFAE8A00E47F13 /* MainTableViewCell.swift */ = {isa = PBXFileReference; lastKnownFileType = sourcecode.swift; path = MainTableViewCell.swift; sourceTree = "<group>"; };
		290A226022DFBDCC00E47F13 /* Reachability.swift */ = {isa = PBXFileReference; lastKnownFileType = sourcecode.swift; path = Reachability.swift; sourceTree = "<group>"; };
		290A226222DFC38B00E47F13 /* NetworkPopUpVC.swift */ = {isa = PBXFileReference; lastKnownFileType = sourcecode.swift; path = NetworkPopUpVC.swift; sourceTree = "<group>"; };
		290A226422DFC39400E47F13 /* NetworkPopUpView.swift */ = {isa = PBXFileReference; lastKnownFileType = sourcecode.swift; path = NetworkPopUpView.swift; sourceTree = "<group>"; };
		290F64D622DE6B240005A0E4 /* RedditTest.app */ = {isa = PBXFileReference; explicitFileType = wrapper.application; includeInIndex = 0; path = RedditTest.app; sourceTree = BUILT_PRODUCTS_DIR; };
		290F64D922DE6B240005A0E4 /* AppDelegate.swift */ = {isa = PBXFileReference; lastKnownFileType = sourcecode.swift; path = AppDelegate.swift; sourceTree = "<group>"; };
		290F64DB22DE6B240005A0E4 /* MainViewController.swift */ = {isa = PBXFileReference; lastKnownFileType = sourcecode.swift; path = MainViewController.swift; sourceTree = "<group>"; };
		290F64E022DE6B250005A0E4 /* Assets.xcassets */ = {isa = PBXFileReference; lastKnownFileType = folder.assetcatalog; path = Assets.xcassets; sourceTree = "<group>"; };
		290F64E322DE6B250005A0E4 /* Base */ = {isa = PBXFileReference; lastKnownFileType = file.storyboard; name = Base; path = Base.lproj/LaunchScreen.storyboard; sourceTree = "<group>"; };
		290F64E522DE6B250005A0E4 /* Info.plist */ = {isa = PBXFileReference; lastKnownFileType = text.plist.xml; path = Info.plist; sourceTree = "<group>"; };
		296874D622DE721A00C177F0 /* LaunchScreenViewController.swift */ = {isa = PBXFileReference; lastKnownFileType = sourcecode.swift; path = LaunchScreenViewController.swift; sourceTree = "<group>"; };
		296874D822DE722400C177F0 /* LaunchScreenViewModel.swift */ = {isa = PBXFileReference; lastKnownFileType = sourcecode.swift; path = LaunchScreenViewModel.swift; sourceTree = "<group>"; };
		296874DA22DE732E00C177F0 /* MainViewModel.swift */ = {isa = PBXFileReference; lastKnownFileType = sourcecode.swift; path = MainViewModel.swift; sourceTree = "<group>"; };
		296874DC22DE745400C177F0 /* NetworkLayer.swift */ = {isa = PBXFileReference; lastKnownFileType = sourcecode.swift; path = NetworkLayer.swift; sourceTree = "<group>"; };
		296874DE22DE762F00C177F0 /* Service.swift */ = {isa = PBXFileReference; lastKnownFileType = sourcecode.swift; path = Service.swift; sourceTree = "<group>"; };
		296874E022DE774B00C177F0 /* BaseModel.swift */ = {isa = PBXFileReference; lastKnownFileType = sourcecode.swift; path = BaseModel.swift; sourceTree = "<group>"; };
		4023BB40728A6EFC3A51B6FC /* Pods-RedditTest.debug.xcconfig */ = {isa = PBXFileReference; includeInIndex = 1; lastKnownFileType = text.xcconfig; name = "Pods-RedditTest.debug.xcconfig"; path = "Target Support Files/Pods-RedditTest/Pods-RedditTest.debug.xcconfig"; sourceTree = "<group>"; };
		6B4205D4C5F61FF834A7E618 /* Pods-RedditTest.release.xcconfig */ = {isa = PBXFileReference; includeInIndex = 1; lastKnownFileType = text.xcconfig; name = "Pods-RedditTest.release.xcconfig"; path = "Target Support Files/Pods-RedditTest/Pods-RedditTest.release.xcconfig"; sourceTree = "<group>"; };
		C72B4965FCEC525681638812 /* Pods_RedditTest.framework */ = {isa = PBXFileReference; explicitFileType = wrapper.framework; includeInIndex = 0; path = Pods_RedditTest.framework; sourceTree = BUILT_PRODUCTS_DIR; };
/* End PBXFileReference section */

/* Begin PBXFrameworksBuildPhase section */
		290F64D322DE6B240005A0E4 /* Frameworks */ = {
			isa = PBXFrameworksBuildPhase;
			buildActionMask = 2147483647;
			files = (
				B5C16D7F0CA6C5706F91C8EC /* Pods_RedditTest.framework in Frameworks */,
			);
			runOnlyForDeploymentPostprocessing = 0;
		};
/* End PBXFrameworksBuildPhase section */

/* Begin PBXGroup section */
		0972DF50F3CE94432D9B4373 /* Frameworks */ = {
			isa = PBXGroup;
			children = (
				C72B4965FCEC525681638812 /* Pods_RedditTest.framework */,
			);
			name = Frameworks;
			sourceTree = "<group>";
		};
		290A223A22DF90C500E47F13 /* API */ = {
			isa = PBXGroup;
			children = (
				296874DC22DE745400C177F0 /* NetworkLayer.swift */,
				296874DE22DE762F00C177F0 /* Service.swift */,
			);
			path = API;
			sourceTree = "<group>";
		};
		290A223B22DF910F00E47F13 /* Models */ = {
			isa = PBXGroup;
			children = (
				296874E022DE774B00C177F0 /* BaseModel.swift */,
				290A224822DF9BE800E47F13 /* ListData.swift */,
				290A224422DF97B200E47F13 /* Children.swift */,
				290A224622DF97F900E47F13 /* ChildrenData.swift */,
				290A224E22DF9D9400E47F13 /* Preview.swift */,
				290A224C22DF9D6000E47F13 /* ImagesModel.swift */,
				290A225222DF9DE500E47F13 /* Resolutions.swift */,
				290A225622DF9E1600E47F13 /* SourceModel.swift */,
				290A224A22DF9D4200E47F13 /* Gildings.swift */,
				290A225022DF9DCE00E47F13 /* MediaEmbed.swift */,
				290A225422DF9DFD00E47F13 /* SecureMediaEmbed.swift */,
				290A225822DF9E3200E47F13 /* Variants.swift */,
			);
			path = Models;
			sourceTree = "<group>";
		};
		290A223C22DF911B00E47F13 /* Controllers */ = {
			isa = PBXGroup;
			children = (
				290A225C22DFAE6A00E47F13 /* Intro */,
				290A225D22DFAE7300E47F13 /* Main */,
			);
			path = Controllers;
			sourceTree = "<group>";
		};
		290A223D22DF912F00E47F13 /* Supporting Files */ = {
			isa = PBXGroup;
			children = (
				290F64E022DE6B250005A0E4 /* Assets.xcassets */,
				290F64E522DE6B250005A0E4 /* Info.plist */,
			);
			path = "Supporting Files";
			sourceTree = "<group>";
		};
		290A223E22DF914400E47F13 /* Views */ = {
			isa = PBXGroup;
			children = (
				290F64E222DE6B250005A0E4 /* LaunchScreen.storyboard */,
				290A226622DFC39900E47F13 /* Popup */,
			);
			path = Views;
			sourceTree = "<group>";
		};
		290A224322DF919800E47F13 /* Utility */ = {
			isa = PBXGroup;
			children = (
				290A224122DF919100E47F13 /* Extensions.swift */,
				290A225A22DFA3B200E47F13 /* SwiftSpinner.swift */,
				290A226022DFBDCC00E47F13 /* Reachability.swift */,
			);
			path = Utility;
			sourceTree = "<group>";
		};
		290A225C22DFAE6A00E47F13 /* Intro */ = {
			isa = PBXGroup;
			children = (
				296874D622DE721A00C177F0 /* LaunchScreenViewController.swift */,
				296874D822DE722400C177F0 /* LaunchScreenViewModel.swift */,
			);
			path = Intro;
			sourceTree = "<group>";
		};
		290A225D22DFAE7300E47F13 /* Main */ = {
			isa = PBXGroup;
			children = (
				290F64DB22DE6B240005A0E4 /* MainViewController.swift */,
				296874DA22DE732E00C177F0 /* MainViewModel.swift */,
				290A225E22DFAE8A00E47F13 /* MainTableViewCell.swift */,
			);
			path = Main;
			sourceTree = "<group>";
		};
		290A226622DFC39900E47F13 /* Popup */ = {
			isa = PBXGroup;
			children = (
				290A226222DFC38B00E47F13 /* NetworkPopUpVC.swift */,
				290A226422DFC39400E47F13 /* NetworkPopUpView.swift */,
			);
			path = Popup;
			sourceTree = "<group>";
		};
		290F64CD22DE6B240005A0E4 = {
			isa = PBXGroup;
			children = (
				290F64D822DE6B240005A0E4 /* RedditTest */,
				290F64D722DE6B240005A0E4 /* Products */,
				AA6E95DE78C078E281CB4F43 /* Pods */,
				0972DF50F3CE94432D9B4373 /* Frameworks */,
			);
			sourceTree = "<group>";
		};
		290F64D722DE6B240005A0E4 /* Products */ = {
			isa = PBXGroup;
			children = (
				290F64D622DE6B240005A0E4 /* RedditTest.app */,
			);
			name = Products;
			sourceTree = "<group>";
		};
		290F64D822DE6B240005A0E4 /* RedditTest */ = {
			isa = PBXGroup;
			children = (
				290F64D922DE6B240005A0E4 /* AppDelegate.swift */,
				290A223A22DF90C500E47F13 /* API */,
				290A223B22DF910F00E47F13 /* Models */,
				290A223C22DF911B00E47F13 /* Controllers */,
				290A223E22DF914400E47F13 /* Views */,
				290A224322DF919800E47F13 /* Utility */,
				290A223D22DF912F00E47F13 /* Supporting Files */,
			);
			path = RedditTest;
			sourceTree = "<group>";
		};
		AA6E95DE78C078E281CB4F43 /* Pods */ = {
			isa = PBXGroup;
			children = (
				4023BB40728A6EFC3A51B6FC /* Pods-RedditTest.debug.xcconfig */,
				6B4205D4C5F61FF834A7E618 /* Pods-RedditTest.release.xcconfig */,
			);
			path = Pods;
			sourceTree = "<group>";
		};
/* End PBXGroup section */

/* Begin PBXNativeTarget section */
		290F64D522DE6B240005A0E4 /* RedditTest */ = {
			isa = PBXNativeTarget;
			buildConfigurationList = 290F64E822DE6B250005A0E4 /* Build configuration list for PBXNativeTarget "RedditTest" */;
			buildPhases = (
				C32E2E5AA70BF62A207A7155 /* [CP] Check Pods Manifest.lock */,
				290F64D222DE6B240005A0E4 /* Sources */,
				290F64D322DE6B240005A0E4 /* Frameworks */,
				290F64D422DE6B240005A0E4 /* Resources */,
				55AA8AA341868B63EB185625 /* [CP] Embed Pods Frameworks */,
			);
			buildRules = (
			);
			dependencies = (
			);
			name = RedditTest;
			productName = RedditTest;
			productReference = 290F64D622DE6B240005A0E4 /* RedditTest.app */;
			productType = "com.apple.product-type.application";
		};
/* End PBXNativeTarget section */

/* Begin PBXProject section */
		290F64CE22DE6B240005A0E4 /* Project object */ = {
			isa = PBXProject;
			attributes = {
				LastSwiftUpdateCheck = 1020;
				LastUpgradeCheck = 1020;
				ORGANIZATIONNAME = AmirDaliri;
				TargetAttributes = {
					290F64D522DE6B240005A0E4 = {
						CreatedOnToolsVersion = 10.2.1;
					};
				};
			};
			buildConfigurationList = 290F64D122DE6B240005A0E4 /* Build configuration list for PBXProject "RedditTest" */;
			compatibilityVersion = "Xcode 9.3";
			developmentRegion = en;
			hasScannedForEncodings = 0;
			knownRegions = (
				en,
				Base,
			);
			mainGroup = 290F64CD22DE6B240005A0E4;
			productRefGroup = 290F64D722DE6B240005A0E4 /* Products */;
			projectDirPath = "";
			projectRoot = "";
			targets = (
				290F64D522DE6B240005A0E4 /* RedditTest */,
			);
		};
/* End PBXProject section */

/* Begin PBXResourcesBuildPhase section */
		290F64D422DE6B240005A0E4 /* Resources */ = {
			isa = PBXResourcesBuildPhase;
			buildActionMask = 2147483647;
			files = (
				290F64E422DE6B250005A0E4 /* LaunchScreen.storyboard in Resources */,
				290F64E122DE6B250005A0E4 /* Assets.xcassets in Resources */,
			);
			runOnlyForDeploymentPostprocessing = 0;
		};
/* End PBXResourcesBuildPhase section */

/* Begin PBXShellScriptBuildPhase section */
		55AA8AA341868B63EB185625 /* [CP] Embed Pods Frameworks */ = {
			isa = PBXShellScriptBuildPhase;
			buildActionMask = 2147483647;
			files = (
			);
			inputFileListPaths = (
				"${PODS_ROOT}/Target Support Files/Pods-RedditTest/Pods-RedditTest-frameworks-${CONFIGURATION}-input-files.xcfilelist",
			);
			name = "[CP] Embed Pods Frameworks";
			outputFileListPaths = (
				"${PODS_ROOT}/Target Support Files/Pods-RedditTest/Pods-RedditTest-frameworks-${CONFIGURATION}-output-files.xcfilelist",
			);
			runOnlyForDeploymentPostprocessing = 0;
			shellPath = /bin/sh;
			shellScript = "\"${PODS_ROOT}/Target Support Files/Pods-RedditTest/Pods-RedditTest-frameworks.sh\"\n";
			showEnvVarsInLog = 0;
		};
		C32E2E5AA70BF62A207A7155 /* [CP] Check Pods Manifest.lock */ = {
			isa = PBXShellScriptBuildPhase;
			buildActionMask = 2147483647;
			files = (
			);
			inputFileListPaths = (
			);
			inputPaths = (
				"${PODS_PODFILE_DIR_PATH}/Podfile.lock",
				"${PODS_ROOT}/Manifest.lock",
			);
			name = "[CP] Check Pods Manifest.lock";
			outputFileListPaths = (
			);
			outputPaths = (
				"$(DERIVED_FILE_DIR)/Pods-RedditTest-checkManifestLockResult.txt",
			);
			runOnlyForDeploymentPostprocessing = 0;
			shellPath = /bin/sh;
			shellScript = "diff \"${PODS_PODFILE_DIR_PATH}/Podfile.lock\" \"${PODS_ROOT}/Manifest.lock\" > /dev/null\nif [ $? != 0 ] ; then\n    # print error to STDERR\n    echo \"error: The sandbox is not in sync with the Podfile.lock. Run 'pod install' or update your CocoaPods installation.\" >&2\n    exit 1\nfi\n# This output is used by Xcode 'outputs' to avoid re-running this script phase.\necho \"SUCCESS\" > \"${SCRIPT_OUTPUT_FILE_0}\"\n";
			showEnvVarsInLog = 0;
		};
/* End PBXShellScriptBuildPhase section */

/* Begin PBXSourcesBuildPhase section */
		290F64D222DE6B240005A0E4 /* Sources */ = {
			isa = PBXSourcesBuildPhase;
			buildActionMask = 2147483647;
			files = (
				290A224B22DF9D4200E47F13 /* Gildings.swift in Sources */,
				290A225922DF9E3200E47F13 /* Variants.swift in Sources */,
				296874DD22DE745400C177F0 /* NetworkLayer.swift in Sources */,
				296874DF22DE762F00C177F0 /* Service.swift in Sources */,
				290A226322DFC38B00E47F13 /* NetworkPopUpVC.swift in Sources */,
				290F64DC22DE6B240005A0E4 /* MainViewController.swift in Sources */,
				290A225122DF9DCE00E47F13 /* MediaEmbed.swift in Sources */,
				296874D922DE722400C177F0 /* LaunchScreenViewModel.swift in Sources */,
				290A225F22DFAE8A00E47F13 /* MainTableViewCell.swift in Sources */,
				290A224222DF919100E47F13 /* Extensions.swift in Sources */,
				290A224D22DF9D6000E47F13 /* ImagesModel.swift in Sources */,
				296874D722DE721A00C177F0 /* LaunchScreenViewController.swift in Sources */,
				290A224922DF9BE800E47F13 /* ListData.swift in Sources */,
				290A224F22DF9D9400E47F13 /* Preview.swift in Sources */,
				290A226122DFBDCC00E47F13 /* Reachability.swift in Sources */,
				290A224522DF97B200E47F13 /* Children.swift in Sources */,
				290A224722DF97F900E47F13 /* ChildrenData.swift in Sources */,
				290A225722DF9E1600E47F13 /* SourceModel.swift in Sources */,
				290A225522DF9DFD00E47F13 /* SecureMediaEmbed.swift in Sources */,
				290A225B22DFA3B200E47F13 /* SwiftSpinner.swift in Sources */,
				290F64DA22DE6B240005A0E4 /* AppDelegate.swift in Sources */,
				296874E122DE774B00C177F0 /* BaseModel.swift in Sources */,
				296874DB22DE732E00C177F0 /* MainViewModel.swift in Sources */,
				290A226522DFC39400E47F13 /* NetworkPopUpView.swift in Sources */,
				290A225322DF9DE500E47F13 /* Resolutions.swift in Sources */,
			);
			runOnlyForDeploymentPostprocessing = 0;
		};
/* End PBXSourcesBuildPhase section */

/* Begin PBXVariantGroup section */
		290F64E222DE6B250005A0E4 /* LaunchScreen.storyboard */ = {
			isa = PBXVariantGroup;
			children = (
				290F64E322DE6B250005A0E4 /* Base */,
			);
			name = LaunchScreen.storyboard;
			sourceTree = "<group>";
		};
/* End PBXVariantGroup section */

/* Begin XCBuildConfiguration section */
		290F64E622DE6B250005A0E4 /* Debug */ = {
			isa = XCBuildConfiguration;
			buildSettings = {
				ALWAYS_SEARCH_USER_PATHS = NO;
				CLANG_ANALYZER_NONNULL = YES;
				CLANG_ANALYZER_NUMBER_OBJECT_CONVERSION = YES_AGGRESSIVE;
				CLANG_CXX_LANGUAGE_STANDARD = "gnu++14";
				CLANG_CXX_LIBRARY = "libc++";
				CLANG_ENABLE_MODULES = YES;
				CLANG_ENABLE_OBJC_ARC = YES;
				CLANG_ENABLE_OBJC_WEAK = YES;
				CLANG_WARN_BLOCK_CAPTURE_AUTORELEASING = YES;
				CLANG_WARN_BOOL_CONVERSION = YES;
				CLANG_WARN_COMMA = YES;
				CLANG_WARN_CONSTANT_CONVERSION = YES;
				CLANG_WARN_DEPRECATED_OBJC_IMPLEMENTATIONS = YES;
				CLANG_WARN_DIRECT_OBJC_ISA_USAGE = YES_ERROR;
				CLANG_WARN_DOCUMENTATION_COMMENTS = YES;
				CLANG_WARN_EMPTY_BODY = YES;
				CLANG_WARN_ENUM_CONVERSION = YES;
				CLANG_WARN_INFINITE_RECURSION = YES;
				CLANG_WARN_INT_CONVERSION = YES;
				CLANG_WARN_NON_LITERAL_NULL_CONVERSION = YES;
				CLANG_WARN_OBJC_IMPLICIT_RETAIN_SELF = YES;
				CLANG_WARN_OBJC_LITERAL_CONVERSION = YES;
				CLANG_WARN_OBJC_ROOT_CLASS = YES_ERROR;
				CLANG_WARN_RANGE_LOOP_ANALYSIS = YES;
				CLANG_WARN_STRICT_PROTOTYPES = YES;
				CLANG_WARN_SUSPICIOUS_MOVE = YES;
				CLANG_WARN_UNGUARDED_AVAILABILITY = YES_AGGRESSIVE;
				CLANG_WARN_UNREACHABLE_CODE = YES;
				CLANG_WARN__DUPLICATE_METHOD_MATCH = YES;
				CODE_SIGN_IDENTITY = "iPhone Developer";
				COPY_PHASE_STRIP = NO;
				DEBUG_INFORMATION_FORMAT = dwarf;
				ENABLE_STRICT_OBJC_MSGSEND = YES;
				ENABLE_TESTABILITY = YES;
				GCC_C_LANGUAGE_STANDARD = gnu11;
				GCC_DYNAMIC_NO_PIC = NO;
				GCC_NO_COMMON_BLOCKS = YES;
				GCC_OPTIMIZATION_LEVEL = 0;
				GCC_PREPROCESSOR_DEFINITIONS = (
					"DEBUG=1",
					"$(inherited)",
				);
				GCC_WARN_64_TO_32_BIT_CONVERSION = YES;
				GCC_WARN_ABOUT_RETURN_TYPE = YES_ERROR;
				GCC_WARN_UNDECLARED_SELECTOR = YES;
				GCC_WARN_UNINITIALIZED_AUTOS = YES_AGGRESSIVE;
				GCC_WARN_UNUSED_FUNCTION = YES;
				GCC_WARN_UNUSED_VARIABLE = YES;
				IPHONEOS_DEPLOYMENT_TARGET = 12.2;
				MTL_ENABLE_DEBUG_INFO = INCLUDE_SOURCE;
				MTL_FAST_MATH = YES;
				ONLY_ACTIVE_ARCH = YES;
				SDKROOT = iphoneos;
				SWIFT_ACTIVE_COMPILATION_CONDITIONS = DEBUG;
				SWIFT_OPTIMIZATION_LEVEL = "-Onone";
			};
			name = Debug;
		};
		290F64E722DE6B250005A0E4 /* Release */ = {
			isa = XCBuildConfiguration;
			buildSettings = {
				ALWAYS_SEARCH_USER_PATHS = NO;
				CLANG_ANALYZER_NONNULL = YES;
				CLANG_ANALYZER_NUMBER_OBJECT_CONVERSION = YES_AGGRESSIVE;
				CLANG_CXX_LANGUAGE_STANDARD = "gnu++14";
				CLANG_CXX_LIBRARY = "libc++";
				CLANG_ENABLE_MODULES = YES;
				CLANG_ENABLE_OBJC_ARC = YES;
				CLANG_ENABLE_OBJC_WEAK = YES;
				CLANG_WARN_BLOCK_CAPTURE_AUTORELEASING = YES;
				CLANG_WARN_BOOL_CONVERSION = YES;
				CLANG_WARN_COMMA = YES;
				CLANG_WARN_CONSTANT_CONVERSION = YES;
				CLANG_WARN_DEPRECATED_OBJC_IMPLEMENTATIONS = YES;
				CLANG_WARN_DIRECT_OBJC_ISA_USAGE = YES_ERROR;
				CLANG_WARN_DOCUMENTATION_COMMENTS = YES;
				CLANG_WARN_EMPTY_BODY = YES;
				CLANG_WARN_ENUM_CONVERSION = YES;
				CLANG_WARN_INFINITE_RECURSION = YES;
				CLANG_WARN_INT_CONVERSION = YES;
				CLANG_WARN_NON_LITERAL_NULL_CONVERSION = YES;
				CLANG_WARN_OBJC_IMPLICIT_RETAIN_SELF = YES;
				CLANG_WARN_OBJC_LITERAL_CONVERSION = YES;
				CLANG_WARN_OBJC_ROOT_CLASS = YES_ERROR;
				CLANG_WARN_RANGE_LOOP_ANALYSIS = YES;
				CLANG_WARN_STRICT_PROTOTYPES = YES;
				CLANG_WARN_SUSPICIOUS_MOVE = YES;
				CLANG_WARN_UNGUARDED_AVAILABILITY = YES_AGGRESSIVE;
				CLANG_WARN_UNREACHABLE_CODE = YES;
				CLANG_WARN__DUPLICATE_METHOD_MATCH = YES;
				CODE_SIGN_IDENTITY = "iPhone Developer";
				COPY_PHASE_STRIP = NO;
				DEBUG_INFORMATION_FORMAT = "dwarf-with-dsym";
				ENABLE_NS_ASSERTIONS = NO;
				ENABLE_STRICT_OBJC_MSGSEND = YES;
				GCC_C_LANGUAGE_STANDARD = gnu11;
				GCC_NO_COMMON_BLOCKS = YES;
				GCC_WARN_64_TO_32_BIT_CONVERSION = YES;
				GCC_WARN_ABOUT_RETURN_TYPE = YES_ERROR;
				GCC_WARN_UNDECLARED_SELECTOR = YES;
				GCC_WARN_UNINITIALIZED_AUTOS = YES_AGGRESSIVE;
				GCC_WARN_UNUSED_FUNCTION = YES;
				GCC_WARN_UNUSED_VARIABLE = YES;
				IPHONEOS_DEPLOYMENT_TARGET = 12.2;
				MTL_ENABLE_DEBUG_INFO = NO;
				MTL_FAST_MATH = YES;
				SDKROOT = iphoneos;
				SWIFT_COMPILATION_MODE = wholemodule;
				SWIFT_OPTIMIZATION_LEVEL = "-O";
				VALIDATE_PRODUCT = YES;
			};
			name = Release;
		};
		290F64E922DE6B250005A0E4 /* Debug */ = {
			isa = XCBuildConfiguration;
			baseConfigurationReference = 4023BB40728A6EFC3A51B6FC /* Pods-RedditTest.debug.xcconfig */;
			buildSettings = {
				ASSETCATALOG_COMPILER_APPICON_NAME = AppIcon;
				CODE_SIGN_STYLE = Automatic;
				DEVELOPMENT_TEAM = 5L77BNLJ3U;
				INFOPLIST_FILE = "$(SRCROOT)/RedditTest/Supporting Files/Info.plist";
				LD_RUNPATH_SEARCH_PATHS = (
					"$(inherited)",
					"@executable_path/Frameworks",
				);
				PRODUCT_BUNDLE_IDENTIFIER = com.sample.RedditTest;
				PRODUCT_NAME = "$(TARGET_NAME)";
				SWIFT_VERSION = 5.0;
				TARGETED_DEVICE_FAMILY = "1,2";
			};
			name = Debug;
		};
		290F64EA22DE6B250005A0E4 /* Release */ = {
			isa = XCBuildConfiguration;
			baseConfigurationReference = 6B4205D4C5F61FF834A7E618 /* Pods-RedditTest.release.xcconfig */;
			buildSettings = {
				ASSETCATALOG_COMPILER_APPICON_NAME = AppIcon;
				CODE_SIGN_STYLE = Automatic;
				DEVELOPMENT_TEAM = 5L77BNLJ3U;
				INFOPLIST_FILE = "$(SRCROOT)/RedditTest/Supporting Files/Info.plist";
				LD_RUNPATH_SEARCH_PATHS = (
					"$(inherited)",
					"@executable_path/Frameworks",
				);
				PRODUCT_BUNDLE_IDENTIFIER = com.sample.RedditTest;
				PRODUCT_NAME = "$(TARGET_NAME)";
				SWIFT_VERSION = 5.0;
				TARGETED_DEVICE_FAMILY = "1,2";
			};
			name = Release;
		};
/* End XCBuildConfiguration section */

/* Begin XCConfigurationList section */
		290F64D122DE6B240005A0E4 /* Build configuration list for PBXProject "RedditTest" */ = {
			isa = XCConfigurationList;
			buildConfigurations = (
				290F64E622DE6B250005A0E4 /* Debug */,
				290F64E722DE6B250005A0E4 /* Release */,
			);
			defaultConfigurationIsVisible = 0;
			defaultConfigurationName = Release;
		};
		290F64E822DE6B250005A0E4 /* Build configuration list for PBXNativeTarget "RedditTest" */ = {
			isa = XCConfigurationList;
			buildConfigurations = (
				290F64E922DE6B250005A0E4 /* Debug */,
				290F64EA22DE6B250005A0E4 /* Release */,
			);
			defaultConfigurationIsVisible = 0;
			defaultConfigurationName = Release;
		};
/* End XCConfigurationList section */
	};
	rootObject = 290F64CE22DE6B240005A0E4 /* Project object */;
}
